
Microsoft Visual Studio Solution File, Format Version 12.00
# Visual Studio Version 16
VisualStudioVersion = 16.0.30517.126
MinimumVisualStudioVersion = 10.0.40219.1
Project("{FAE04EC0-301F-11D3-BF4B-00C04F79EFBC}") = "CollectionExampleSolution_Hard_1", "CollectionExampleSolution_Hard_1\CollectionExampleSolution_Hard_1.csproj", "{5A03D26B-3C9F-4745-809E-1B75A1A9B2A8}"
EndProject
Global
	GlobalSection(SolutionConfigurationPlatforms) = preSolution
		Debug|Any CPU = Debug|Any CPU
		Release|Any CPU = Release|Any CPU
	EndGlobalSection
	GlobalSection(ProjectConfigurationPlatforms) = postSolution
		{5A03D26B-3C9F-4745-809E-1B75A1A9B2A8}.Debug|Any CPU.ActiveCfg = Debug|Any CPU
		{5A03D26B-3C9F-4745-809E-1B75A1A9B2A8}.Debug|Any CPU.Build.0 = Debug|Any CPU
		{5A03D26B-3C9F-4745-809E-1B75A1A9B2A8}.Release|Any CPU.ActiveCfg = Release|Any CPU
		{5A03D26B-3C9F-4745-809E-1B75A1A9B2A8}.Release|Any CPU.Build.0 = Release|Any CPU
	EndGlobalSection
	GlobalSection(SolutionProperties) = preSolution
		HideSolutionNode = FALSE
	EndGlobalSection
	GlobalSection(ExtensibilityGlobals) = postSolution
		SolutionGuid = {D0122452-2349-429C-8EFF-AEBD890C93FB}
	EndGlobalSection
EndGlobal
